
Microsoft Visual Studio Solution File, Format Version 12.00
# Visual Studio Version 17
VisualStudioVersion = 17.4.33213.308
MinimumVisualStudioVersion = 10.0.40219.1
Project("{2150E333-8FDC-42A3-9474-1A3956D46DE8}") = "Customers", "Customers", "{AF1E1E3B-6637-4FB3-842C-3078FCA5EF3A}"
EndProject
Project("{2150E333-8FDC-42A3-9474-1A3956D46DE8}") = "Company", "Company", "{A7F3FE6C-6E09-4095-B4F6-2FBCECE40BC0}"
EndProject
Project("{2150E333-8FDC-42A3-9474-1A3956D46DE8}") = "People", "People", "{81CC162B-D2AC-491F-90EE-D11E997E2352}"
EndProject
Project("{9A19103F-16F7-4668-BE54-9A1E7A4F7556}") = "Customers.Api", "Customer.Api\Customers.Api.csproj", "{652C87E5-7CE5-4D7F-A96D-18385A2E4CAC}"
EndProject
Project("{9A19103F-16F7-4668-BE54-9A1E7A4F7556}") = "Companies.Api", "Company.Api\Companies.Api.csproj", "{BAA3A684-86DF-49AD-B708-A7A40267F40F}"
EndProject
Project("{9A19103F-16F7-4668-BE54-9A1E7A4F7556}") = "Companies.Domain", "Company.Domain\Companies.Domain.csproj", "{EE134881-E3F3-4AC2-AB57-4640369C3B26}"
EndProject
Project("{9A19103F-16F7-4668-BE54-9A1E7A4F7556}") = "Companies.Infrastructure", "Company.Infrastructure\Companies.Infrastructure.csproj", "{084AD040-7567-4B53-AFCF-D753E7E4EDF3}"
EndProject
Project("{9A19103F-16F7-4668-BE54-9A1E7A4F7556}") = "Customers.Infrastructure", "Customer.Infrastructure\Customers.Infrastructure.csproj", "{5DC9DF6C-6E17-45D7-83E5-F7936C50B1F0}"
EndProject
Project("{9A19103F-16F7-4668-BE54-9A1E7A4F7556}") = "Customers.UnitTests", "Customer.UnitTests\Customers.UnitTests.csproj", "{E7313944-9DDB-4B24-B1D0-7359A4D329FF}"
EndProject
Project("{E53339B2-1760-4266-BCC7-CA923CBCF16C}") = "docker-compose", "docker-compose.dcproj", "{AFF9CDFB-4CA7-4C2F-8273-4154A324CD71}"
EndProject
Project("{2150E333-8FDC-42A3-9474-1A3956D46DE8}") = "1 - Microservices", "1 - Microservices", "{D4A79286-2470-4676-B199-60A35BF59E9C}"
EndProject
Project("{2150E333-8FDC-42A3-9474-1A3956D46DE8}") = "2 - Cross Cutting", "2 - Cross Cutting", "{DF865DF9-CC1C-4E8D-BF49-16B2767990A2}"
EndProject
Project("{2150E333-8FDC-42A3-9474-1A3956D46DE8}") = "3 - Container orchestration", "3 - Container orchestration", "{3CE288E6-4BAC-4F38-80F9-88FD6079AC58}"
EndProject
Project("{9A19103F-16F7-4668-BE54-9A1E7A4F7556}") = "Customers.Domain", "Customer.Domain\Customers.Domain.csproj", "{8261D1C1-6608-4231-8D03-D869E41B4431}"
EndProject
Project("{9A19103F-16F7-4668-BE54-9A1E7A4F7556}") = "CrossCutting", "..\CrossCutting\CrossCutting.csproj", "{34B25443-3AB5-4751-9673-4E878E2F1614}"
EndProject
Project("{9A19103F-16F7-4668-BE54-9A1E7A4F7556}") = "People.Api", "Person.Api\People.Api.csproj", "{241FFDF2-CE94-4DCB-AA87-555DA6BE77C2}"
EndProject
Project("{9A19103F-16F7-4668-BE54-9A1E7A4F7556}") = "People.Domain", "Person.Domain\People.Domain.csproj", "{1B231B5F-74F1-4EA1-98A9-4C932D6827F6}"
EndProject
Project("{9A19103F-16F7-4668-BE54-9A1E7A4F7556}") = "People.Infrastructure", "Person.Infrastructure\People.Infrastructure.csproj", "{BD59787D-382D-4CCE-8CA9-8D465EE08B8F}"
EndProject
Global
	GlobalSection(SolutionConfigurationPlatforms) = preSolution
		Debug|Any CPU = Debug|Any CPU
		Release|Any CPU = Release|Any CPU
	EndGlobalSection
	GlobalSection(ProjectConfigurationPlatforms) = postSolution
		{652C87E5-7CE5-4D7F-A96D-18385A2E4CAC}.Debug|Any CPU.ActiveCfg = Debug|Any CPU
		{652C87E5-7CE5-4D7F-A96D-18385A2E4CAC}.Debug|Any CPU.Build.0 = Debug|Any CPU
		{652C87E5-7CE5-4D7F-A96D-18385A2E4CAC}.Release|Any CPU.ActiveCfg = Release|Any CPU
		{652C87E5-7CE5-4D7F-A96D-18385A2E4CAC}.Release|Any CPU.Build.0 = Release|Any CPU
		{BAA3A684-86DF-49AD-B708-A7A40267F40F}.Debug|Any CPU.ActiveCfg = Debug|Any CPU
		{BAA3A684-86DF-49AD-B708-A7A40267F40F}.Debug|Any CPU.Build.0 = Debug|Any CPU
		{BAA3A684-86DF-49AD-B708-A7A40267F40F}.Release|Any CPU.ActiveCfg = Release|Any CPU
		{BAA3A684-86DF-49AD-B708-A7A40267F40F}.Release|Any CPU.Build.0 = Release|Any CPU
		{EE134881-E3F3-4AC2-AB57-4640369C3B26}.Debug|Any CPU.ActiveCfg = Debug|Any CPU
		{EE134881-E3F3-4AC2-AB57-4640369C3B26}.Debug|Any CPU.Build.0 = Debug|Any CPU
		{EE134881-E3F3-4AC2-AB57-4640369C3B26}.Release|Any CPU.ActiveCfg = Release|Any CPU
		{EE134881-E3F3-4AC2-AB57-4640369C3B26}.Release|Any CPU.Build.0 = Release|Any CPU
		{084AD040-7567-4B53-AFCF-D753E7E4EDF3}.Debug|Any CPU.ActiveCfg = Debug|Any CPU
		{084AD040-7567-4B53-AFCF-D753E7E4EDF3}.Debug|Any CPU.Build.0 = Debug|Any CPU
		{084AD040-7567-4B53-AFCF-D753E7E4EDF3}.Release|Any CPU.ActiveCfg = Release|Any CPU
		{084AD040-7567-4B53-AFCF-D753E7E4EDF3}.Release|Any CPU.Build.0 = Release|Any CPU
		{5DC9DF6C-6E17-45D7-83E5-F7936C50B1F0}.Debug|Any CPU.ActiveCfg = Debug|Any CPU
		{5DC9DF6C-6E17-45D7-83E5-F7936C50B1F0}.Debug|Any CPU.Build.0 = Debug|Any CPU
		{5DC9DF6C-6E17-45D7-83E5-F7936C50B1F0}.Release|Any CPU.ActiveCfg = Release|Any CPU
		{5DC9DF6C-6E17-45D7-83E5-F7936C50B1F0}.Release|Any CPU.Build.0 = Release|Any CPU
		{E7313944-9DDB-4B24-B1D0-7359A4D329FF}.Debug|Any CPU.ActiveCfg = Debug|Any CPU
		{E7313944-9DDB-4B24-B1D0-7359A4D329FF}.Debug|Any CPU.Build.0 = Debug|Any CPU
		{E7313944-9DDB-4B24-B1D0-7359A4D329FF}.Release|Any CPU.ActiveCfg = Release|Any CPU
		{E7313944-9DDB-4B24-B1D0-7359A4D329FF}.Release|Any CPU.Build.0 = Release|Any CPU
		{AFF9CDFB-4CA7-4C2F-8273-4154A324CD71}.Debug|Any CPU.ActiveCfg = Debug|Any CPU
		{AFF9CDFB-4CA7-4C2F-8273-4154A324CD71}.Debug|Any CPU.Build.0 = Debug|Any CPU
		{AFF9CDFB-4CA7-4C2F-8273-4154A324CD71}.Release|Any CPU.ActiveCfg = Release|Any CPU
		{AFF9CDFB-4CA7-4C2F-8273-4154A324CD71}.Release|Any CPU.Build.0 = Release|Any CPU
		{8261D1C1-6608-4231-8D03-D869E41B4431}.Debug|Any CPU.ActiveCfg = Debug|Any CPU
		{8261D1C1-6608-4231-8D03-D869E41B4431}.Debug|Any CPU.Build.0 = Debug|Any CPU
		{8261D1C1-6608-4231-8D03-D869E41B4431}.Release|Any CPU.ActiveCfg = Release|Any CPU
		{8261D1C1-6608-4231-8D03-D869E41B4431}.Release|Any CPU.Build.0 = Release|Any CPU
		{34B25443-3AB5-4751-9673-4E878E2F1614}.Debug|Any CPU.ActiveCfg = Debug|Any CPU
		{34B25443-3AB5-4751-9673-4E878E2F1614}.Debug|Any CPU.Build.0 = Debug|Any CPU
		{34B25443-3AB5-4751-9673-4E878E2F1614}.Release|Any CPU.ActiveCfg = Release|Any CPU
		{34B25443-3AB5-4751-9673-4E878E2F1614}.Release|Any CPU.Build.0 = Release|Any CPU
		{241FFDF2-CE94-4DCB-AA87-555DA6BE77C2}.Debug|Any CPU.ActiveCfg = Debug|Any CPU
		{241FFDF2-CE94-4DCB-AA87-555DA6BE77C2}.Debug|Any CPU.Build.0 = Debug|Any CPU
		{241FFDF2-CE94-4DCB-AA87-555DA6BE77C2}.Release|Any CPU.ActiveCfg = Release|Any CPU
		{241FFDF2-CE94-4DCB-AA87-555DA6BE77C2}.Release|Any CPU.Build.0 = Release|Any CPU
		{1B231B5F-74F1-4EA1-98A9-4C932D6827F6}.Debug|Any CPU.ActiveCfg = Debug|Any CPU
		{1B231B5F-74F1-4EA1-98A9-4C932D6827F6}.Debug|Any CPU.Build.0 = Debug|Any CPU
		{1B231B5F-74F1-4EA1-98A9-4C932D6827F6}.Release|Any CPU.ActiveCfg = Release|Any CPU
		{1B231B5F-74F1-4EA1-98A9-4C932D6827F6}.Release|Any CPU.Build.0 = Release|Any CPU
		{BD59787D-382D-4CCE-8CA9-8D465EE08B8F}.Debug|Any CPU.ActiveCfg = Debug|Any CPU
		{BD59787D-382D-4CCE-8CA9-8D465EE08B8F}.Debug|Any CPU.Build.0 = Debug|Any CPU
		{BD59787D-382D-4CCE-8CA9-8D465EE08B8F}.Release|Any CPU.ActiveCfg = Release|Any CPU
		{BD59787D-382D-4CCE-8CA9-8D465EE08B8F}.Release|Any CPU.Build.0 = Release|Any CPU
	EndGlobalSection
	GlobalSection(SolutionProperties) = preSolution
		HideSolutionNode = FALSE
	EndGlobalSection
	GlobalSection(NestedProjects) = preSolution
		{AF1E1E3B-6637-4FB3-842C-3078FCA5EF3A} = {D4A79286-2470-4676-B199-60A35BF59E9C}
		{A7F3FE6C-6E09-4095-B4F6-2FBCECE40BC0} = {D4A79286-2470-4676-B199-60A35BF59E9C}
		{81CC162B-D2AC-491F-90EE-D11E997E2352} = {D4A79286-2470-4676-B199-60A35BF59E9C}
		{652C87E5-7CE5-4D7F-A96D-18385A2E4CAC} = {AF1E1E3B-6637-4FB3-842C-3078FCA5EF3A}
		{BAA3A684-86DF-49AD-B708-A7A40267F40F} = {A7F3FE6C-6E09-4095-B4F6-2FBCECE40BC0}
		{EE134881-E3F3-4AC2-AB57-4640369C3B26} = {A7F3FE6C-6E09-4095-B4F6-2FBCECE40BC0}
		{084AD040-7567-4B53-AFCF-D753E7E4EDF3} = {A7F3FE6C-6E09-4095-B4F6-2FBCECE40BC0}
		{5DC9DF6C-6E17-45D7-83E5-F7936C50B1F0} = {AF1E1E3B-6637-4FB3-842C-3078FCA5EF3A}
		{E7313944-9DDB-4B24-B1D0-7359A4D329FF} = {AF1E1E3B-6637-4FB3-842C-3078FCA5EF3A}
		{AFF9CDFB-4CA7-4C2F-8273-4154A324CD71} = {3CE288E6-4BAC-4F38-80F9-88FD6079AC58}
		{8261D1C1-6608-4231-8D03-D869E41B4431} = {AF1E1E3B-6637-4FB3-842C-3078FCA5EF3A}
		{34B25443-3AB5-4751-9673-4E878E2F1614} = {DF865DF9-CC1C-4E8D-BF49-16B2767990A2}
		{241FFDF2-CE94-4DCB-AA87-555DA6BE77C2} = {81CC162B-D2AC-491F-90EE-D11E997E2352}
		{1B231B5F-74F1-4EA1-98A9-4C932D6827F6} = {81CC162B-D2AC-491F-90EE-D11E997E2352}
		{BD59787D-382D-4CCE-8CA9-8D465EE08B8F} = {81CC162B-D2AC-491F-90EE-D11E997E2352}
	EndGlobalSection
	GlobalSection(ExtensibilityGlobals) = postSolution
		SolutionGuid = {D9B66CAF-175A-4100-ABC6-725484DCDDC9}
	EndGlobalSection
EndGlobal
