
Microsoft Visual Studio Solution File, Format Version 12.00
# Visual Studio Version 17
VisualStudioVersion = 17.4.33213.308
MinimumVisualStudioVersion = 10.0.40219.1
Project("{2150E333-8FDC-42A3-9474-1A3956D46DE8}") = "Customers", "Customers", "{AF1E1E3B-6637-4FB3-842C-3078FCA5EF3A}"
EndProject
Project("{2150E333-8FDC-42A3-9474-1A3956D46DE8}") = "Company", "Company", "{A7F3FE6C-6E09-4095-B4F6-2FBCECE40BC0}"
EndProject
Project("{2150E333-8FDC-42A3-9474-1A3956D46DE8}") = "Person", "Person", "{81CC162B-D2AC-491F-90EE-D11E997E2352}"
EndProject
Project("{9A19103F-16F7-4668-BE54-9A1E7A4F7556}") = "Customers.Api", "Customer.Api\Customers.Api.csproj", "{652C87E5-7CE5-4D7F-A96D-18385A2E4CAC}"
EndProject
Project("{9A19103F-16F7-4668-BE54-9A1E7A4F7556}") = "Companies.Api", "Company.Api\Companies.Api.csproj", "{BAA3A684-86DF-49AD-B708-A7A40267F40F}"
EndProject
Project("{9A19103F-16F7-4668-BE54-9A1E7A4F7556}") = "Person.Api", "Person.Api\Person.Api.csproj", "{D6198FC8-A93F-4840-AA5B-566CEC749BF9}"
EndProject
Project("{9A19103F-16F7-4668-BE54-9A1E7A4F7556}") = "Companies.Domain", "Company.Domain\Companies.Domain.csproj", "{EE134881-E3F3-4AC2-AB57-4640369C3B26}"
EndProject
Project("{9A19103F-16F7-4668-BE54-9A1E7A4F7556}") = "Companies.Infrastructure", "Company.Infrastructure\Companies.Infrastructure.csproj", "{084AD040-7567-4B53-AFCF-D753E7E4EDF3}"
EndProject
Project("{9A19103F-16F7-4668-BE54-9A1E7A4F7556}") = "Company.UnitTests", "Company.UnitTests\Company.UnitTests.csproj", "{323B837E-A76B-4D0C-94ED-E80144D3198A}"
EndProject
Project("{9A19103F-16F7-4668-BE54-9A1E7A4F7556}") = "Company.IntegrationTests", "Company.IntegrationTests\Company.IntegrationTests.csproj", "{8B29A0BC-810F-47DD-9373-8FFADE14DE9C}"
EndProject
Project("{9A19103F-16F7-4668-BE54-9A1E7A4F7556}") = "Customers.Infrastructure", "Customer.Infrastructure\Customers.Infrastructure.csproj", "{5DC9DF6C-6E17-45D7-83E5-F7936C50B1F0}"
EndProject
Project("{9A19103F-16F7-4668-BE54-9A1E7A4F7556}") = "Customers.IntegrationTests", "Customer.IntegrationTests\Customers.IntegrationTests.csproj", "{09A36BF4-E705-4C57-959B-5E53F7FB5395}"
EndProject
Project("{9A19103F-16F7-4668-BE54-9A1E7A4F7556}") = "Customers.UnitTests", "Customer.UnitTests\Customers.UnitTests.csproj", "{E7313944-9DDB-4B24-B1D0-7359A4D329FF}"
EndProject
Project("{9A19103F-16F7-4668-BE54-9A1E7A4F7556}") = "Person.IntegrationTests", "Person.IntegrationTests\Person.IntegrationTests.csproj", "{76B774CC-86BD-4F1B-A786-8A7097483FB2}"
EndProject
Project("{9A19103F-16F7-4668-BE54-9A1E7A4F7556}") = "Person.UnitTests", "Person.UnitTests\Person.UnitTests.csproj", "{461DF2AB-CF06-43A3-AC5F-821163B4A3D9}"
EndProject
Project("{9A19103F-16F7-4668-BE54-9A1E7A4F7556}") = "Person.Domain", "Person.Domain\Person.Domain.csproj", "{9EC2A1C3-C304-4C74-8FBD-40CDD0A0BF3D}"
EndProject
Project("{9A19103F-16F7-4668-BE54-9A1E7A4F7556}") = "Person.Infrastructure", "Person.Infrastructure\Person.Infrastructure.csproj", "{E568521E-7DF8-4ADE-895B-26401F19B0B8}"
EndProject
Project("{E53339B2-1760-4266-BCC7-CA923CBCF16C}") = "docker-compose", "docker-compose.dcproj", "{AFF9CDFB-4CA7-4C2F-8273-4154A324CD71}"
EndProject
Project("{2150E333-8FDC-42A3-9474-1A3956D46DE8}") = "1 - Microservices", "1 - Microservices", "{D4A79286-2470-4676-B199-60A35BF59E9C}"
EndProject
Project("{2150E333-8FDC-42A3-9474-1A3956D46DE8}") = "2 - Cross Cutting", "2 - Cross Cutting", "{DF865DF9-CC1C-4E8D-BF49-16B2767990A2}"
EndProject
Project("{2150E333-8FDC-42A3-9474-1A3956D46DE8}") = "3 - Container orchestration", "3 - Container orchestration", "{3CE288E6-4BAC-4F38-80F9-88FD6079AC58}"
EndProject
Project("{9A19103F-16F7-4668-BE54-9A1E7A4F7556}") = "Customers.Domain", "Customer.Domain\Customers.Domain.csproj", "{8261D1C1-6608-4231-8D03-D869E41B4431}"
EndProject
Project("{FAE04EC0-301F-11D3-BF4B-00C04F79EFBC}") = "CrossCutting", "..\CrossCutting\CrossCutting.csproj", "{34B25443-3AB5-4751-9673-4E878E2F1614}"
EndProject
Global
	GlobalSection(SolutionConfigurationPlatforms) = preSolution
		Debug|Any CPU = Debug|Any CPU
		Release|Any CPU = Release|Any CPU
	EndGlobalSection
	GlobalSection(ProjectConfigurationPlatforms) = postSolution
		{652C87E5-7CE5-4D7F-A96D-18385A2E4CAC}.Debug|Any CPU.ActiveCfg = Debug|Any CPU
		{652C87E5-7CE5-4D7F-A96D-18385A2E4CAC}.Debug|Any CPU.Build.0 = Debug|Any CPU
		{652C87E5-7CE5-4D7F-A96D-18385A2E4CAC}.Release|Any CPU.ActiveCfg = Release|Any CPU
		{652C87E5-7CE5-4D7F-A96D-18385A2E4CAC}.Release|Any CPU.Build.0 = Release|Any CPU
		{BAA3A684-86DF-49AD-B708-A7A40267F40F}.Debug|Any CPU.ActiveCfg = Debug|Any CPU
		{BAA3A684-86DF-49AD-B708-A7A40267F40F}.Debug|Any CPU.Build.0 = Debug|Any CPU
		{BAA3A684-86DF-49AD-B708-A7A40267F40F}.Release|Any CPU.ActiveCfg = Release|Any CPU
		{BAA3A684-86DF-49AD-B708-A7A40267F40F}.Release|Any CPU.Build.0 = Release|Any CPU
		{D6198FC8-A93F-4840-AA5B-566CEC749BF9}.Debug|Any CPU.ActiveCfg = Debug|Any CPU
		{D6198FC8-A93F-4840-AA5B-566CEC749BF9}.Debug|Any CPU.Build.0 = Debug|Any CPU
		{D6198FC8-A93F-4840-AA5B-566CEC749BF9}.Release|Any CPU.ActiveCfg = Release|Any CPU
		{D6198FC8-A93F-4840-AA5B-566CEC749BF9}.Release|Any CPU.Build.0 = Release|Any CPU
		{EE134881-E3F3-4AC2-AB57-4640369C3B26}.Debug|Any CPU.ActiveCfg = Debug|Any CPU
		{EE134881-E3F3-4AC2-AB57-4640369C3B26}.Debug|Any CPU.Build.0 = Debug|Any CPU
		{EE134881-E3F3-4AC2-AB57-4640369C3B26}.Release|Any CPU.ActiveCfg = Release|Any CPU
		{EE134881-E3F3-4AC2-AB57-4640369C3B26}.Release|Any CPU.Build.0 = Release|Any CPU
		{084AD040-7567-4B53-AFCF-D753E7E4EDF3}.Debug|Any CPU.ActiveCfg = Debug|Any CPU
		{084AD040-7567-4B53-AFCF-D753E7E4EDF3}.Debug|Any CPU.Build.0 = Debug|Any CPU
		{084AD040-7567-4B53-AFCF-D753E7E4EDF3}.Release|Any CPU.ActiveCfg = Release|Any CPU
		{084AD040-7567-4B53-AFCF-D753E7E4EDF3}.Release|Any CPU.Build.0 = Release|Any CPU
		{323B837E-A76B-4D0C-94ED-E80144D3198A}.Debug|Any CPU.ActiveCfg = Debug|Any CPU
		{323B837E-A76B-4D0C-94ED-E80144D3198A}.Debug|Any CPU.Build.0 = Debug|Any CPU
		{323B837E-A76B-4D0C-94ED-E80144D3198A}.Release|Any CPU.ActiveCfg = Release|Any CPU
		{323B837E-A76B-4D0C-94ED-E80144D3198A}.Release|Any CPU.Build.0 = Release|Any CPU
		{8B29A0BC-810F-47DD-9373-8FFADE14DE9C}.Debug|Any CPU.ActiveCfg = Debug|Any CPU
		{8B29A0BC-810F-47DD-9373-8FFADE14DE9C}.Debug|Any CPU.Build.0 = Debug|Any CPU
		{8B29A0BC-810F-47DD-9373-8FFADE14DE9C}.Release|Any CPU.ActiveCfg = Release|Any CPU
		{8B29A0BC-810F-47DD-9373-8FFADE14DE9C}.Release|Any CPU.Build.0 = Release|Any CPU
		{5DC9DF6C-6E17-45D7-83E5-F7936C50B1F0}.Debug|Any CPU.ActiveCfg = Debug|Any CPU
		{5DC9DF6C-6E17-45D7-83E5-F7936C50B1F0}.Debug|Any CPU.Build.0 = Debug|Any CPU
		{5DC9DF6C-6E17-45D7-83E5-F7936C50B1F0}.Release|Any CPU.ActiveCfg = Release|Any CPU
		{5DC9DF6C-6E17-45D7-83E5-F7936C50B1F0}.Release|Any CPU.Build.0 = Release|Any CPU
		{09A36BF4-E705-4C57-959B-5E53F7FB5395}.Debug|Any CPU.ActiveCfg = Debug|Any CPU
		{09A36BF4-E705-4C57-959B-5E53F7FB5395}.Debug|Any CPU.Build.0 = Debug|Any CPU
		{09A36BF4-E705-4C57-959B-5E53F7FB5395}.Release|Any CPU.ActiveCfg = Release|Any CPU
		{09A36BF4-E705-4C57-959B-5E53F7FB5395}.Release|Any CPU.Build.0 = Release|Any CPU
		{E7313944-9DDB-4B24-B1D0-7359A4D329FF}.Debug|Any CPU.ActiveCfg = Debug|Any CPU
		{E7313944-9DDB-4B24-B1D0-7359A4D329FF}.Debug|Any CPU.Build.0 = Debug|Any CPU
		{E7313944-9DDB-4B24-B1D0-7359A4D329FF}.Release|Any CPU.ActiveCfg = Release|Any CPU
		{E7313944-9DDB-4B24-B1D0-7359A4D329FF}.Release|Any CPU.Build.0 = Release|Any CPU
		{76B774CC-86BD-4F1B-A786-8A7097483FB2}.Debug|Any CPU.ActiveCfg = Debug|Any CPU
		{76B774CC-86BD-4F1B-A786-8A7097483FB2}.Debug|Any CPU.Build.0 = Debug|Any CPU
		{76B774CC-86BD-4F1B-A786-8A7097483FB2}.Release|Any CPU.ActiveCfg = Release|Any CPU
		{76B774CC-86BD-4F1B-A786-8A7097483FB2}.Release|Any CPU.Build.0 = Release|Any CPU
		{461DF2AB-CF06-43A3-AC5F-821163B4A3D9}.Debug|Any CPU.ActiveCfg = Debug|Any CPU
		{461DF2AB-CF06-43A3-AC5F-821163B4A3D9}.Debug|Any CPU.Build.0 = Debug|Any CPU
		{461DF2AB-CF06-43A3-AC5F-821163B4A3D9}.Release|Any CPU.ActiveCfg = Release|Any CPU
		{461DF2AB-CF06-43A3-AC5F-821163B4A3D9}.Release|Any CPU.Build.0 = Release|Any CPU
		{9EC2A1C3-C304-4C74-8FBD-40CDD0A0BF3D}.Debug|Any CPU.ActiveCfg = Debug|Any CPU
		{9EC2A1C3-C304-4C74-8FBD-40CDD0A0BF3D}.Debug|Any CPU.Build.0 = Debug|Any CPU
		{9EC2A1C3-C304-4C74-8FBD-40CDD0A0BF3D}.Release|Any CPU.ActiveCfg = Release|Any CPU
		{9EC2A1C3-C304-4C74-8FBD-40CDD0A0BF3D}.Release|Any CPU.Build.0 = Release|Any CPU
		{E568521E-7DF8-4ADE-895B-26401F19B0B8}.Debug|Any CPU.ActiveCfg = Debug|Any CPU
		{E568521E-7DF8-4ADE-895B-26401F19B0B8}.Debug|Any CPU.Build.0 = Debug|Any CPU
		{E568521E-7DF8-4ADE-895B-26401F19B0B8}.Release|Any CPU.ActiveCfg = Release|Any CPU
		{E568521E-7DF8-4ADE-895B-26401F19B0B8}.Release|Any CPU.Build.0 = Release|Any CPU
		{AFF9CDFB-4CA7-4C2F-8273-4154A324CD71}.Debug|Any CPU.ActiveCfg = Debug|Any CPU
		{AFF9CDFB-4CA7-4C2F-8273-4154A324CD71}.Debug|Any CPU.Build.0 = Debug|Any CPU
		{AFF9CDFB-4CA7-4C2F-8273-4154A324CD71}.Release|Any CPU.ActiveCfg = Release|Any CPU
		{AFF9CDFB-4CA7-4C2F-8273-4154A324CD71}.Release|Any CPU.Build.0 = Release|Any CPU
		{8261D1C1-6608-4231-8D03-D869E41B4431}.Debug|Any CPU.ActiveCfg = Debug|Any CPU
		{8261D1C1-6608-4231-8D03-D869E41B4431}.Debug|Any CPU.Build.0 = Debug|Any CPU
		{8261D1C1-6608-4231-8D03-D869E41B4431}.Release|Any CPU.ActiveCfg = Release|Any CPU
		{8261D1C1-6608-4231-8D03-D869E41B4431}.Release|Any CPU.Build.0 = Release|Any CPU
		{34B25443-3AB5-4751-9673-4E878E2F1614}.Debug|Any CPU.ActiveCfg = Debug|Any CPU
		{34B25443-3AB5-4751-9673-4E878E2F1614}.Debug|Any CPU.Build.0 = Debug|Any CPU
		{34B25443-3AB5-4751-9673-4E878E2F1614}.Release|Any CPU.ActiveCfg = Release|Any CPU
		{34B25443-3AB5-4751-9673-4E878E2F1614}.Release|Any CPU.Build.0 = Release|Any CPU
	EndGlobalSection
	GlobalSection(SolutionProperties) = preSolution
		HideSolutionNode = FALSE
	EndGlobalSection
	GlobalSection(NestedProjects) = preSolution
		{AF1E1E3B-6637-4FB3-842C-3078FCA5EF3A} = {D4A79286-2470-4676-B199-60A35BF59E9C}
		{A7F3FE6C-6E09-4095-B4F6-2FBCECE40BC0} = {D4A79286-2470-4676-B199-60A35BF59E9C}
		{81CC162B-D2AC-491F-90EE-D11E997E2352} = {D4A79286-2470-4676-B199-60A35BF59E9C}
		{652C87E5-7CE5-4D7F-A96D-18385A2E4CAC} = {AF1E1E3B-6637-4FB3-842C-3078FCA5EF3A}
		{BAA3A684-86DF-49AD-B708-A7A40267F40F} = {A7F3FE6C-6E09-4095-B4F6-2FBCECE40BC0}
		{D6198FC8-A93F-4840-AA5B-566CEC749BF9} = {81CC162B-D2AC-491F-90EE-D11E997E2352}
		{EE134881-E3F3-4AC2-AB57-4640369C3B26} = {A7F3FE6C-6E09-4095-B4F6-2FBCECE40BC0}
		{084AD040-7567-4B53-AFCF-D753E7E4EDF3} = {A7F3FE6C-6E09-4095-B4F6-2FBCECE40BC0}
		{323B837E-A76B-4D0C-94ED-E80144D3198A} = {A7F3FE6C-6E09-4095-B4F6-2FBCECE40BC0}
		{8B29A0BC-810F-47DD-9373-8FFADE14DE9C} = {A7F3FE6C-6E09-4095-B4F6-2FBCECE40BC0}
		{5DC9DF6C-6E17-45D7-83E5-F7936C50B1F0} = {AF1E1E3B-6637-4FB3-842C-3078FCA5EF3A}
		{09A36BF4-E705-4C57-959B-5E53F7FB5395} = {AF1E1E3B-6637-4FB3-842C-3078FCA5EF3A}
		{E7313944-9DDB-4B24-B1D0-7359A4D329FF} = {AF1E1E3B-6637-4FB3-842C-3078FCA5EF3A}
		{76B774CC-86BD-4F1B-A786-8A7097483FB2} = {81CC162B-D2AC-491F-90EE-D11E997E2352}
		{461DF2AB-CF06-43A3-AC5F-821163B4A3D9} = {81CC162B-D2AC-491F-90EE-D11E997E2352}
		{9EC2A1C3-C304-4C74-8FBD-40CDD0A0BF3D} = {81CC162B-D2AC-491F-90EE-D11E997E2352}
		{E568521E-7DF8-4ADE-895B-26401F19B0B8} = {81CC162B-D2AC-491F-90EE-D11E997E2352}
		{AFF9CDFB-4CA7-4C2F-8273-4154A324CD71} = {3CE288E6-4BAC-4F38-80F9-88FD6079AC58}
		{8261D1C1-6608-4231-8D03-D869E41B4431} = {AF1E1E3B-6637-4FB3-842C-3078FCA5EF3A}
		{34B25443-3AB5-4751-9673-4E878E2F1614} = {DF865DF9-CC1C-4E8D-BF49-16B2767990A2}
	EndGlobalSection
	GlobalSection(ExtensibilityGlobals) = postSolution
		SolutionGuid = {D9B66CAF-175A-4100-ABC6-725484DCDDC9}
	EndGlobalSection
EndGlobal
